
Microsoft Visual Studio Solution File, Format Version 12.00
# Visual Studio Version 16
VisualStudioVersion = 25.0.1706.14
MinimumVisualStudioVersion = 10.0.40219.1
Project("{FAE04EC0-301F-11D3-BF4B-00C04F79EFBC}") = "WaracleProject", "WaracleProject\WaracleProject.csproj", "{B6D5D98E-9F8F-4D55-B6BD-4C1CAE17AFA8}"
EndProject
Global
	GlobalSection(SolutionConfigurationPlatforms) = preSolution
		Debug|Any CPU = Debug|Any CPU
		Release|Any CPU = Release|Any CPU
	EndGlobalSection
	GlobalSection(ProjectConfigurationPlatforms) = postSolution
		{B6D5D98E-9F8F-4D55-B6BD-4C1CAE17AFA8}.Debug|Any CPU.ActiveCfg = Debug|Any CPU
		{B6D5D98E-9F8F-4D55-B6BD-4C1CAE17AFA8}.Debug|Any CPU.Build.0 = Debug|Any CPU
		{B6D5D98E-9F8F-4D55-B6BD-4C1CAE17AFA8}.Release|Any CPU.ActiveCfg = Release|Any CPU
		{B6D5D98E-9F8F-4D55-B6BD-4C1CAE17AFA8}.Release|Any CPU.Build.0 = Release|Any CPU
	EndGlobalSection
	GlobalSection(SolutionProperties) = preSolution
		HideSolutionNode = FALSE
	EndGlobalSection
	GlobalSection(ExtensibilityGlobals) = postSolution
		SolutionGuid = {3BF89DDF-CA4F-4951-B9A8-E13748346610}
	EndGlobalSection
EndGlobal
