
Microsoft Visual Studio Solution File, Format Version 12.00
# Visual Studio Version 16
VisualStudioVersion = 25.0.1706.14
MinimumVisualStudioVersion = 10.0.40219.1
Project("{FAE04EC0-301F-11D3-BF4B-00C04F79EFBC}") = "WaracleProject", "WaracleProject.csproj", "{525FEC18-D96B-4CD3-BBED-4BED4C6CC90B}"
EndProject
Global
	GlobalSection(SolutionConfigurationPlatforms) = preSolution
		Debug|Any CPU = Debug|Any CPU
		Release|Any CPU = Release|Any CPU
	EndGlobalSection
	GlobalSection(ProjectConfigurationPlatforms) = postSolution
		{525FEC18-D96B-4CD3-BBED-4BED4C6CC90B}.Debug|Any CPU.ActiveCfg = Debug|Any CPU
		{525FEC18-D96B-4CD3-BBED-4BED4C6CC90B}.Debug|Any CPU.Build.0 = Debug|Any CPU
		{525FEC18-D96B-4CD3-BBED-4BED4C6CC90B}.Release|Any CPU.ActiveCfg = Release|Any CPU
		{525FEC18-D96B-4CD3-BBED-4BED4C6CC90B}.Release|Any CPU.Build.0 = Release|Any CPU
	EndGlobalSection
	GlobalSection(SolutionProperties) = preSolution
		HideSolutionNode = FALSE
	EndGlobalSection
	GlobalSection(ExtensibilityGlobals) = postSolution
		SolutionGuid = {2952B211-279C-4764-9E11-0A363EA6628B}
	EndGlobalSection
EndGlobal
